
Microsoft Visual Studio Solution File, Format Version 12.00
# Visual Studio 14
VisualStudioVersion = 14.0.25420.1
MinimumVisualStudioVersion = 10.0.40219.1
Project("{8BC9CEB8-8B4A-11D0-8D11-00A0C91BC942}") = "D2D11Game", "D2D11Game.vcxproj", "{A526522A-4DAE-4941-AE95-4E81AAECC204}"
EndProject
Global
	GlobalSection(SolutionConfigurationPlatforms) = preSolution
		Debug|x64 = Debug|x64
		Debug|x86 = Debug|x86
		Release|x64 = Release|x64
		Release|x86 = Release|x86
	EndGlobalSection
	GlobalSection(ProjectConfigurationPlatforms) = postSolution
		{A526522A-4DAE-4941-AE95-4E81AAECC204}.Debug|x64.ActiveCfg = Debug|x64
		{A526522A-4DAE-4941-AE95-4E81AAECC204}.Debug|x64.Build.0 = Debug|x64
		{A526522A-4DAE-4941-AE95-4E81AAECC204}.Debug|x86.ActiveCfg = Debug|Win32
		{A526522A-4DAE-4941-AE95-4E81AAECC204}.Debug|x86.Build.0 = Debug|Win32
		{A526522A-4DAE-4941-AE95-4E81AAECC204}.Release|x64.ActiveCfg = Release|x64
		{A526522A-4DAE-4941-AE95-4E81AAECC204}.Release|x64.Build.0 = Release|x64
		{A526522A-4DAE-4941-AE95-4E81AAECC204}.Release|x86.ActiveCfg = Release|Win32
		{A526522A-4DAE-4941-AE95-4E81AAECC204}.Release|x86.Build.0 = Release|Win32
	EndGlobalSection
	GlobalSection(SolutionProperties) = preSolution
		HideSolutionNode = FALSE
	EndGlobalSection
EndGlobal
